// !$*UTF8*$!
{
	archiveVersion = 1;
	classes = {
	};
	objectVersion = 70;
	objects = {

/* Begin PBXBuildFile section */
		EE0C5E922F55DFB60053C834 /* main.swift in Sources */ = {isa = PBXBuildFile; fileRef = EE0C5E902F55DFB50053C834 /* main.swift */; };
		EE0C5E942F55DFB60053C834 /* SVD.swift in Sources */ = {isa = PBXBuildFile; fileRef = EE0C5E932F55DFB60053C834 /* SVD.swift */; };
		EE0C5E962F55DFB60053C834 /* SVDDecoder.swift in Sources */ = {isa = PBXBuildFile; fileRef = EE0C5E952F55DFB60053C834 /* SVDDecoder.swift */; };
		EE0C5E992F55DFB60053C834 /* SVDCodeGenerator.swift in Sources */ = {isa = PBXBuildFile; fileRef = EE0C5E982F55DFB60053C834 /* SVDCodeGenerator.swift */; };
		EE0C5E9B2F55DFB60053C834 /* WDTGenerator.swift in Sources */ = {isa = PBXBuildFile; fileRef = EE0C5E9A2F55DFB60053C834 /* WDTGenerator.swift */; };
/* End PBXBuildFile section */

/* Begin PBXFileReference section */
		EE0C5E902F55DFB50053C834 /* main.swift */ = {isa = PBXFileReference; lastKnownFileType = sourcecode.swift; path = main.swift; sourceTree = "<group>"; };
		EE0C5E932F55DFB60053C834 /* SVD.swift */ = {isa = PBXFileReference; lastKnownFileType = sourcecode.swift; path = SVD.swift; sourceTree = "<group>"; };
		EE0C5E952F55DFB60053C834 /* SVDDecoder.swift */ = {isa = PBXFileReference; lastKnownFileType = sourcecode.swift; path = SVDDecoder.swift; sourceTree = "<group>"; };
		EE0C5E982F55DFB60053C834 /* SVDCodeGenerator.swift */ = {isa = PBXFileReference; lastKnownFileType = sourcecode.swift; path = SVDCodeGenerator.swift; sourceTree = "<group>"; };
		EE0C5E9A2F55DFB60053C834 /* WDTGenerator.swift */ = {isa = PBXFileReference; lastKnownFileType = sourcecode.swift; path = WDTGenerator.swift; sourceTree = "<group>"; };
		EECLI0192F600000000000001 /* SwiftARMGeneratorCLI */ = {isa = PBXFileReference; explicitFileType = "compiled.mach-o.executable"; includeInIndex = 0; path = SwiftARMGeneratorCLI; sourceTree = BUILT_PRODUCTS_DIR; };
/* End PBXFileReference section */

/* Begin PBXFileSystemSynchronizedRootGroup section */
		EE96A6502F4E7B5F00542FFD /* Documentation */ = {isa = PBXFileSystemSynchronizedRootGroup; explicitFileTypes = {}; explicitFolders = (); path = Documentation; sourceTree = "<group>"; };
		EEE8AF9C2F5050860080C89D /* Generators */ = {isa = PBXFileSystemSynchronizedRootGroup; explicitFileTypes = {}; explicitFolders = (); path = Generators; sourceTree = "<group>"; };
		EEE8AFB72F508DB30080C89D /* Extensions */ = {isa = PBXFileSystemSynchronizedRootGroup; explicitFileTypes = {}; explicitFolders = (); path = Extensions; sourceTree = "<group>"; };
		EEE8AFC02F508E4F0080C89D /* CodeGeneration */ = {isa = PBXFileSystemSynchronizedRootGroup; explicitFileTypes = {}; explicitFolders = (); path = CodeGeneration; sourceTree = "<group>"; };
/* End PBXFileSystemSynchronizedRootGroup section */

/* Begin PBXFrameworksBuildPhase section */
		EECLI0082F600000000000001 /* Frameworks */ = {
			isa = PBXFrameworksBuildPhase;
			buildActionMask = 2147483647;
			files = (
			);
			runOnlyForDeploymentPostprocessing = 0;
		};
/* End PBXFrameworksBuildPhase section */

/* Begin PBXGroup section */
		DAE992D12A22A6F4007656B5 = {
			isa = PBXGroup;
			children = (
				DAE992DC2A22A6F4007656B5 /* SwiftARMGenerator */,
				DAE992DB2A22A6F4007656B5 /* Products */,
			);
			sourceTree = "<group>";
		};
		DAE992DB2A22A6F4007656B5 /* Products */ = {
			isa = PBXGroup;
			children = (
				EECLI0192F600000000000001 /* SwiftARMGeneratorCLI */,
			);
			name = Products;
			sourceTree = "<group>";
		};
		DAE992DC2A22A6F4007656B5 /* SwiftARMGenerator */ = {
			isa = PBXGroup;
			children = (
				EEE8AFC02F508E4F0080C89D /* CodeGeneration */,
				EEE8AFB72F508DB30080C89D /* Extensions */,
				EEE8AF9C2F5050860080C89D /* Generators */,
				EE96A6502F4E7B5F00542FFD /* Documentation */,
				EE0C5E972F55DFB60053C834 /* SVD */,
				EE0C5E9C2F55DFB60053C834 /* SVDGeneration */,
				EECLI0182F600000000000001 /* CLI */,
			);
			path = SwiftARMGenerator;
			sourceTree = "<group>";
		};
		EE0C5E972F55DFB60053C834 /* SVD */ = {
			isa = PBXGroup;
			children = (
				EE0C5E932F55DFB60053C834 /* SVD.swift */,
				EE0C5E952F55DFB60053C834 /* SVDDecoder.swift */,
			);
			path = SVD;
			sourceTree = "<group>";
		};
		EE0C5E9C2F55DFB60053C834 /* SVDGeneration */ = {
			isa = PBXGroup;
			children = (
				EE0C5E982F55DFB60053C834 /* SVDCodeGenerator.swift */,
				EE0C5E9A2F55DFB60053C834 /* WDTGenerator.swift */,
			);
			path = SVDGeneration;
			sourceTree = "<group>";
		};
		EECLI0182F600000000000001 /* CLI */ = {
			isa = PBXGroup;
			children = (
				EE0C5E902F55DFB50053C834 /* main.swift */,
			);
			path = CLI;
			sourceTree = "<group>";
		};
/* End PBXGroup section */

/* Begin PBXNativeTarget section */
		EECLI0202F600000000000001 /* SwiftARMGeneratorCLI */ = {
			isa = PBXNativeTarget;
			buildConfigurationList = EECLI0212F600000000000001 /* Build configuration list for PBXNativeTarget "SwiftARMGeneratorCLI" */;
			buildPhases = (
				EECLI0092F600000000000001 /* Sources */,
				EECLI0082F600000000000001 /* Frameworks */,
			);
			buildRules = (
			);
			dependencies = (
			);
			name = SwiftARMGeneratorCLI;
			packageProductDependencies = (
			);
			productName = SwiftARMGeneratorCLI;
			productReference = EECLI0192F600000000000001 /* SwiftARMGeneratorCLI */;
			productType = "com.apple.product-type.tool";
		};
/* End PBXNativeTarget section */

/* Begin PBXProject section */
		DAE992D22A22A6F4007656B5 /* Project object */ = {
			isa = PBXProject;
			attributes = {
				BuildIndependentTargetsInParallel = 1;
				LastSwiftUpdateCheck = 1430;
				LastUpgradeCheck = 2630;
				TargetAttributes = {
					EECLI0202F600000000000001 = {
						CreatedOnToolsVersion = 14.3;
					};
				};
			};
			buildConfigurationList = DAE992D52A22A6F4007656B5 /* Build configuration list for PBXProject "SwiftARMGenerator" */;
			compatibilityVersion = "Xcode 14.0";
			developmentRegion = en;
			hasScannedForEncodings = 0;
			knownRegions = (
				en,
				Base,
			);
			mainGroup = DAE992D12A22A6F4007656B5;
			packageReferences = (
			);
			productRefGroup = DAE992DB2A22A6F4007656B5 /* Products */;
			projectDirPath = "";
			projectRoot = "";
			targets = (
				EECLI0202F600000000000001 /* SwiftARMGeneratorCLI */,
			);
		};
/* End PBXProject section */

/* Begin PBXSourcesBuildPhase section */
		EECLI0092F600000000000001 /* Sources */ = {
			isa = PBXSourcesBuildPhase;
			buildActionMask = 2147483647;
			files = (
				EE0C5E922F55DFB60053C834 /* main.swift in Sources */,
				EE0C5E942F55DFB60053C834 /* SVD.swift in Sources */,
				EE0C5E962F55DFB60053C834 /* SVDDecoder.swift in Sources */,
				EE0C5E992F55DFB60053C834 /* SVDCodeGenerator.swift in Sources */,
				EE0C5E9B2F55DFB60053C834 /* WDTGenerator.swift in Sources */,
			);
			runOnlyForDeploymentPostprocessing = 0;
		};
/* End PBXSourcesBuildPhase section */

/* Begin XCBuildConfiguration section */
		DAE992FD2A22A6F6007656B5 /* Debug */ = {
			isa = XCBuildConfiguration;
			buildSettings = {
				ALWAYS_SEARCH_USER_PATHS = NO;
				CLANG_ANALYZER_NONNULL = YES;
				CLANG_ANALYZER_NUMBER_OBJECT_CONVERSION = YES_AGGRESSIVE;
				CLANG_CXX_LANGUAGE_STANDARD = "gnu++20";
				CLANG_ENABLE_MODULES = YES;
				CLANG_ENABLE_OBJC_ARC = YES;
				CLANG_ENABLE_OBJC_WEAK = YES;
				CLANG_WARN_BLOCK_CAPTURE_AUTORELEASING = YES;
				CLANG_WARN_BOOL_CONVERSION = YES;
				CLANG_WARN_COMMA = YES;
				CLANG_WARN_CONSTANT_CONVERSION = YES;
				CLANG_WARN_DEPRECATED_OBJC_IMPLEMENTATIONS = YES;
				CLANG_WARN_DIRECT_OBJC_ISA_USAGE = YES_ERROR;
				CLANG_WARN_DOCUMENTATION_COMMENTS = YES;
				CLANG_WARN_EMPTY_BODY = YES;
				CLANG_WARN_ENUM_CONVERSION = YES;
				CLANG_WARN_INFINITE_RECURSION = YES;
				CLANG_WARN_INT_CONVERSION = YES;
				CLANG_WARN_NON_LITERAL_NULL_CONVERSION = YES;
				CLANG_WARN_OBJC_IMPLICIT_RETAIN_SELF = YES;
				CLANG_WARN_OBJC_LITERAL_CONVERSION = YES;
				CLANG_WARN_OBJC_ROOT_CLASS = YES_ERROR;
				CLANG_WARN_QUOTED_INCLUDE_IN_FRAMEWORK_HEADER = YES;
				CLANG_WARN_RANGE_LOOP_ANALYSIS = YES;
				CLANG_WARN_STRICT_PROTOTYPES = YES;
				CLANG_WARN_SUSPICIOUS_MOVE = YES;
				CLANG_WARN_UNGUARDED_AVAILABILITY = YES_AGGRESSIVE;
				CLANG_WARN_UNREACHABLE_CODE = YES;
				CLANG_WARN__DUPLICATE_METHOD_MATCH = YES;
				COPY_PHASE_STRIP = NO;
				DEAD_CODE_STRIPPING = YES;
				DEBUG_INFORMATION_FORMAT = dwarf;
				ENABLE_STRICT_OBJC_MSGSEND = YES;
				ENABLE_TESTABILITY = YES;
				ENABLE_USER_SCRIPT_SANDBOXING = YES;
				GCC_C_LANGUAGE_STANDARD = gnu11;
				GCC_DYNAMIC_NO_PIC = NO;
				GCC_NO_COMMON_BLOCKS = YES;
				GCC_OPTIMIZATION_LEVEL = 0;
				GCC_PREPROCESSOR_DEFINITIONS = (
					"DEBUG=1",
					"$(inherited)",
				);
				GCC_WARN_64_TO_32_BIT_CONVERSION = YES;
				GCC_WARN_ABOUT_RETURN_TYPE = YES_ERROR;
				GCC_WARN_UNDECLARED_SELECTOR = YES;
				GCC_WARN_UNINITIALIZED_AUTOS = YES_AGGRESSIVE;
				GCC_WARN_UNUSED_FUNCTION = YES;
				GCC_WARN_UNUSED_VARIABLE = YES;
				MTL_ENABLE_DEBUG_INFO = INCLUDE_SOURCE;
				MTL_FAST_MATH = YES;
				ONLY_ACTIVE_ARCH = YES;
				STRING_CATALOG_GENERATE_SYMBOLS = YES;
				SWIFT_ACTIVE_COMPILATION_CONDITIONS = DEBUG;
				SWIFT_OPTIMIZATION_LEVEL = "-Onone";
			};
			name = Debug;
		};
		DAE992FE2A22A6F6007656B5 /* Release */ = {
			isa = XCBuildConfiguration;
			buildSettings = {
				ALWAYS_SEARCH_USER_PATHS = NO;
				CLANG_ANALYZER_NONNULL = YES;
				CLANG_ANALYZER_NUMBER_OBJECT_CONVERSION = YES_AGGRESSIVE;
				CLANG_CXX_LANGUAGE_STANDARD = "gnu++20";
				CLANG_ENABLE_MODULES = YES;
				CLANG_ENABLE_OBJC_ARC = YES;
				CLANG_ENABLE_OBJC_WEAK = YES;
				CLANG_WARN_BLOCK_CAPTURE_AUTORELEASING = YES;
				CLANG_WARN_BOOL_CONVERSION = YES;
				CLANG_WARN_COMMA = YES;
				CLANG_WARN_CONSTANT_CONVERSION = YES;
				CLANG_WARN_DEPRECATED_OBJC_IMPLEMENTATIONS = YES;
				CLANG_WARN_DIRECT_OBJC_ISA_USAGE = YES_ERROR;
				CLANG_WARN_DOCUMENTATION_COMMENTS = YES;
				CLANG_WARN_EMPTY_BODY = YES;
				CLANG_WARN_ENUM_CONVERSION = YES;
				CLANG_WARN_INFINITE_RECURSION = YES;
				CLANG_WARN_INT_CONVERSION = YES;
				CLANG_WARN_NON_LITERAL_NULL_CONVERSION = YES;
				CLANG_WARN_OBJC_IMPLICIT_RETAIN_SELF = YES;
				CLANG_WARN_OBJC_LITERAL_CONVERSION = YES;
				CLANG_WARN_OBJC_ROOT_CLASS = YES_ERROR;
				CLANG_WARN_QUOTED_INCLUDE_IN_FRAMEWORK_HEADER = YES;
				CLANG_WARN_RANGE_LOOP_ANALYSIS = YES;
				CLANG_WARN_STRICT_PROTOTYPES = YES;
				CLANG_WARN_SUSPICIOUS_MOVE = YES;
				CLANG_WARN_UNGUARDED_AVAILABILITY = YES_AGGRESSIVE;
				CLANG_WARN_UNREACHABLE_CODE = YES;
				CLANG_WARN__DUPLICATE_METHOD_MATCH = YES;
				COPY_PHASE_STRIP = NO;
				DEAD_CODE_STRIPPING = YES;
				DEBUG_INFORMATION_FORMAT = "dwarf-with-dsym";
				ENABLE_NS_ASSERTIONS = NO;
				ENABLE_STRICT_OBJC_MSGSEND = YES;
				ENABLE_USER_SCRIPT_SANDBOXING = YES;
				GCC_C_LANGUAGE_STANDARD = gnu11;
				GCC_NO_COMMON_BLOCKS = YES;
				GCC_WARN_64_TO_32_BIT_CONVERSION = YES;
				GCC_WARN_ABOUT_RETURN_TYPE = YES_ERROR;
				GCC_WARN_UNDECLARED_SELECTOR = YES;
				GCC_WARN_UNINITIALIZED_AUTOS = YES_AGGRESSIVE;
				GCC_WARN_UNUSED_FUNCTION = YES;
				GCC_WARN_UNUSED_VARIABLE = YES;
				MTL_ENABLE_DEBUG_INFO = NO;
				MTL_FAST_MATH = YES;
				STRING_CATALOG_GENERATE_SYMBOLS = YES;
				SWIFT_COMPILATION_MODE = wholemodule;
				SWIFT_OPTIMIZATION_LEVEL = "-O";
			};
			name = Release;
		};
		EECLI0222F600000000000001 /* Debug */ = {
			isa = XCBuildConfiguration;
			buildSettings = {
				CODE_SIGN_IDENTITY = "-";
				CODE_SIGN_STYLE = Automatic;
				CURRENT_PROJECT_VERSION = 1;
				DEAD_CODE_STRIPPING = YES;
				GENERATE_INFOPLIST_FILE = YES;
				MACOSX_DEPLOYMENT_TARGET = 13.3;
				MARKETING_VERSION = 1.0;
				PRODUCT_BUNDLE_IDENTIFIER = com.pdshelley.SwiftARMGeneratorCLI;
				PRODUCT_NAME = "$(TARGET_NAME)";
				SDKROOT = macosx;
				SWIFT_VERSION = 5.0;
			};
			name = Debug;
		};
		EECLI0232F600000000000001 /* Release */ = {
			isa = XCBuildConfiguration;
			buildSettings = {
				CODE_SIGN_IDENTITY = "-";
				CODE_SIGN_STYLE = Automatic;
				CURRENT_PROJECT_VERSION = 1;
				DEAD_CODE_STRIPPING = YES;
				GENERATE_INFOPLIST_FILE = YES;
				MACOSX_DEPLOYMENT_TARGET = 13.3;
				MARKETING_VERSION = 1.0;
				PRODUCT_BUNDLE_IDENTIFIER = com.pdshelley.SwiftARMGeneratorCLI;
				PRODUCT_NAME = "$(TARGET_NAME)";
				SDKROOT = macosx;
				SWIFT_COMPILATION_MODE = wholemodule;
				SWIFT_OPTIMIZATION_LEVEL = "-O";
				SWIFT_VERSION = 5.0;
			};
			name = Release;
		};
/* End XCBuildConfiguration section */

/* Begin XCConfigurationList section */
		DAE992D52A22A6F4007656B5 /* Build configuration list for PBXProject "SwiftARMGenerator" */ = {
			isa = XCConfigurationList;
			buildConfigurations = (
				DAE992FD2A22A6F6007656B5 /* Debug */,
				DAE992FE2A22A6F6007656B5 /* Release */,
			);
			defaultConfigurationIsVisible = 0;
			defaultConfigurationName = Release;
		};
		EECLI0212F600000000000001 /* Build configuration list for PBXNativeTarget "SwiftARMGeneratorCLI" */ = {
			isa = XCConfigurationList;
			buildConfigurations = (
				EECLI0222F600000000000001 /* Debug */,
				EECLI0232F600000000000001 /* Release */,
			);
			defaultConfigurationIsVisible = 0;
			defaultConfigurationName = Release;
		};
/* End XCConfigurationList section */
	};
	rootObject = DAE992D22A22A6F4007656B5 /* Project object */;
}
